// !$*UTF8*$!
{
	archiveVersion = 1;
	classes = {
	};
	objectVersion = 56;
	objects = {

/* Begin PBXBuildFile section */
		6B72CA2C2C10953F00F1C0A9 /* gameList.json in Resources */ = {isa = PBXBuildFile; fileRef = 6B72CA2B2C10953F00F1C0A9 /* gameList.json */; };
		6B72CA2F2C10966000F1C0A9 /* Game.swift in Sources */ = {isa = PBXBuildFile; fileRef = 6B72CA2E2C10966000F1C0A9 /* Game.swift */; };
		6B72CA322C12DA4900F1C0A9 /* Pow in Frameworks */ = {isa = PBXBuildFile; productRef = 6B72CA312C12DA4900F1C0A9 /* Pow */; };
		6B72CA382C14F6E000F1C0A9 /* OnboardingView.swift in Sources */ = {isa = PBXBuildFile; fileRef = 6B72CA372C14F6E000F1C0A9 /* OnboardingView.swift */; };
		6B9636552C15CB6800A918C6 /* CacheManager.swift in Sources */ = {isa = PBXBuildFile; fileRef = 6B9636542C15CB6800A918C6 /* CacheManager.swift */; };
		6B9636572C15CB9300A918C6 /* CacheConstants.swift in Sources */ = {isa = PBXBuildFile; fileRef = 6B9636562C15CB9300A918C6 /* CacheConstants.swift */; };
		6B96365C2C15D1AC00A918C6 /* Localizable.strings in Resources */ = {isa = PBXBuildFile; fileRef = 6B96365B2C15D1AC00A918C6 /* Localizable.strings */; };
		6B96365F2C15D1DE00A918C6 /* LocalizationContants.swift in Sources */ = {isa = PBXBuildFile; fileRef = 6B96365E2C15D1DE00A918C6 /* LocalizationContants.swift */; };
		6B9636622C15D20200A918C6 /* String+Extension.swift in Sources */ = {isa = PBXBuildFile; fileRef = 6B9636612C15D20200A918C6 /* String+Extension.swift */; };
		6B9636652C15D36B00A918C6 /* OnboardingPage.swift in Sources */ = {isa = PBXBuildFile; fileRef = 6B9636642C15D36B00A918C6 /* OnboardingPage.swift */; };
		6B9636672C15D48000A918C6 /* ProgressBar.swift in Sources */ = {isa = PBXBuildFile; fileRef = 6B9636662C15D48000A918C6 /* ProgressBar.swift */; };
		6BD3D6FB2C0CC60800E33B03 /* GameGuessrApp.swift in Sources */ = {isa = PBXBuildFile; fileRef = 6BD3D6FA2C0CC60800E33B03 /* GameGuessrApp.swift */; };
		6BD3D7012C0CC60A00E33B03 /* Assets.xcassets in Resources */ = {isa = PBXBuildFile; fileRef = 6BD3D7002C0CC60A00E33B03 /* Assets.xcassets */; };
		6BD3D7042C0CC60A00E33B03 /* Preview Assets.xcassets in Resources */ = {isa = PBXBuildFile; fileRef = 6BD3D7032C0CC60A00E33B03 /* Preview Assets.xcassets */; };
		6BD3D70B2C0CC95600E33B03 /* DraggableRectangleView.swift in Sources */ = {isa = PBXBuildFile; fileRef = 6BD3D70A2C0CC95600E33B03 /* DraggableRectangleView.swift */; };
		6BD3D70D2C0E18AB00E33B03 /* ChooseView.swift in Sources */ = {isa = PBXBuildFile; fileRef = 6BD3D70C2C0E18AB00E33B03 /* ChooseView.swift */; };
		6BD3D70F2C0E2A6E00E33B03 /* AsyncImage.swift in Sources */ = {isa = PBXBuildFile; fileRef = 6BD3D70E2C0E2A6E00E33B03 /* AsyncImage.swift */; };
/* End PBXBuildFile section */

/* Begin PBXFileReference section */
		6B72CA2B2C10953F00F1C0A9 /* gameList.json */ = {isa = PBXFileReference; fileEncoding = 4; lastKnownFileType = text.json; path = gameList.json; sourceTree = "<group>"; };
		6B72CA2E2C10966000F1C0A9 /* Game.swift */ = {isa = PBXFileReference; lastKnownFileType = sourcecode.swift; path = Game.swift; sourceTree = "<group>"; };
		6B72CA372C14F6E000F1C0A9 /* OnboardingView.swift */ = {isa = PBXFileReference; lastKnownFileType = sourcecode.swift; path = OnboardingView.swift; sourceTree = "<group>"; };
		6B9636542C15CB6800A918C6 /* CacheManager.swift */ = {isa = PBXFileReference; lastKnownFileType = sourcecode.swift; path = CacheManager.swift; sourceTree = "<group>"; };
		6B9636562C15CB9300A918C6 /* CacheConstants.swift */ = {isa = PBXFileReference; lastKnownFileType = sourcecode.swift; path = CacheConstants.swift; sourceTree = "<group>"; };
		6B96365A2C15D1AC00A918C6 /* en */ = {isa = PBXFileReference; lastKnownFileType = text.plist.strings; name = en; path = en.lproj/Localizable.strings; sourceTree = "<group>"; };
		6B96365D2C15D1AD00A918C6 /* tr */ = {isa = PBXFileReference; lastKnownFileType = text.plist.strings; name = tr; path = tr.lproj/Localizable.strings; sourceTree = "<group>"; };
		6B96365E2C15D1DE00A918C6 /* LocalizationContants.swift */ = {isa = PBXFileReference; lastKnownFileType = sourcecode.swift; path = LocalizationContants.swift; sourceTree = "<group>"; };
		6B9636612C15D20200A918C6 /* String+Extension.swift */ = {isa = PBXFileReference; lastKnownFileType = sourcecode.swift; path = "String+Extension.swift"; sourceTree = "<group>"; };
		6B9636642C15D36B00A918C6 /* OnboardingPage.swift */ = {isa = PBXFileReference; lastKnownFileType = sourcecode.swift; path = OnboardingPage.swift; sourceTree = "<group>"; };
		6B9636662C15D48000A918C6 /* ProgressBar.swift */ = {isa = PBXFileReference; lastKnownFileType = sourcecode.swift; path = ProgressBar.swift; sourceTree = "<group>"; };
		6BD3D6F72C0CC60800E33B03 /* GameGuessr.app */ = {isa = PBXFileReference; explicitFileType = wrapper.application; includeInIndex = 0; path = GameGuessr.app; sourceTree = BUILT_PRODUCTS_DIR; };
		6BD3D6FA2C0CC60800E33B03 /* GameGuessrApp.swift */ = {isa = PBXFileReference; lastKnownFileType = sourcecode.swift; path = GameGuessrApp.swift; sourceTree = "<group>"; };
		6BD3D7002C0CC60A00E33B03 /* Assets.xcassets */ = {isa = PBXFileReference; lastKnownFileType = folder.assetcatalog; path = Assets.xcassets; sourceTree = "<group>"; };
		6BD3D7032C0CC60A00E33B03 /* Preview Assets.xcassets */ = {isa = PBXFileReference; lastKnownFileType = folder.assetcatalog; path = "Preview Assets.xcassets"; sourceTree = "<group>"; };
		6BD3D70A2C0CC95600E33B03 /* DraggableRectangleView.swift */ = {isa = PBXFileReference; lastKnownFileType = sourcecode.swift; path = DraggableRectangleView.swift; sourceTree = "<group>"; };
		6BD3D70C2C0E18AB00E33B03 /* ChooseView.swift */ = {isa = PBXFileReference; lastKnownFileType = sourcecode.swift; path = ChooseView.swift; sourceTree = "<group>"; };
		6BD3D70E2C0E2A6E00E33B03 /* AsyncImage.swift */ = {isa = PBXFileReference; lastKnownFileType = sourcecode.swift; path = AsyncImage.swift; sourceTree = "<group>"; };
/* End PBXFileReference section */

/* Begin PBXFrameworksBuildPhase section */
		6BD3D6F42C0CC60800E33B03 /* Frameworks */ = {
			isa = PBXFrameworksBuildPhase;
			buildActionMask = 2147483647;
			files = (
				6B72CA322C12DA4900F1C0A9 /* Pow in Frameworks */,
			);
			runOnlyForDeploymentPostprocessing = 0;
		};
/* End PBXFrameworksBuildPhase section */

/* Begin PBXGroup section */
		6B72CA0B2C10265400F1C0A9 /* Resource */ = {
			isa = PBXGroup;
			children = (
				6BD3D7002C0CC60A00E33B03 /* Assets.xcassets */,
				6B72CA0C2C10265C00F1C0A9 /* Mock */,
			);
			path = Resource;
			sourceTree = "<group>";
		};
		6B72CA0C2C10265C00F1C0A9 /* Mock */ = {
			isa = PBXGroup;
			children = (
				6B72CA2B2C10953F00F1C0A9 /* gameList.json */,
			);
			path = Mock;
			sourceTree = "<group>";
		};
		6B72CA2D2C10965300F1C0A9 /* Model */ = {
			isa = PBXGroup;
			children = (
				6B72CA2E2C10966000F1C0A9 /* Game.swift */,
			);
			path = Model;
			sourceTree = "<group>";
		};
		6B72CA392C15BC2900F1C0A9 /* Localization */ = {
			isa = PBXGroup;
			children = (
				6B96365B2C15D1AC00A918C6 /* Localizable.strings */,
				6B96365E2C15D1DE00A918C6 /* LocalizationContants.swift */,
			);
			path = Localization;
			sourceTree = "<group>";
		};
		6B9636532C15CB5C00A918C6 /* Helper */ = {
			isa = PBXGroup;
			children = (
				6B9636562C15CB9300A918C6 /* CacheConstants.swift */,
				6B9636542C15CB6800A918C6 /* CacheManager.swift */,
			);
			path = Helper;
			sourceTree = "<group>";
		};
		6B9636602C15D1F800A918C6 /* Extension */ = {
			isa = PBXGroup;
			children = (
				6B9636612C15D20200A918C6 /* String+Extension.swift */,
			);
			path = Extension;
			sourceTree = "<group>";
		};
		6B9636632C15D35300A918C6 /* View */ = {
			isa = PBXGroup;
			children = (
				6BD3D70E2C0E2A6E00E33B03 /* AsyncImage.swift */,
				6BD3D70C2C0E18AB00E33B03 /* ChooseView.swift */,
				6BD3D70A2C0CC95600E33B03 /* DraggableRectangleView.swift */,
				6BD3D6FA2C0CC60800E33B03 /* GameGuessrApp.swift */,
				6B72CA372C14F6E000F1C0A9 /* OnboardingView.swift */,
				6B9636642C15D36B00A918C6 /* OnboardingPage.swift */,
				6B9636662C15D48000A918C6 /* ProgressBar.swift */,
			);
			path = View;
			sourceTree = "<group>";
		};
		6BD3D6EE2C0CC60800E33B03 = {
			isa = PBXGroup;
			children = (
				6BD3D6F92C0CC60800E33B03 /* GameGuessr */,
				6BD3D6F82C0CC60800E33B03 /* Products */,
			);
			sourceTree = "<group>";
		};
		6BD3D6F82C0CC60800E33B03 /* Products */ = {
			isa = PBXGroup;
			children = (
				6BD3D6F72C0CC60800E33B03 /* GameGuessr.app */,
			);
			name = Products;
			sourceTree = "<group>";
		};
		6BD3D6F92C0CC60800E33B03 /* GameGuessr */ = {
			isa = PBXGroup;
			children = (
				6B9636632C15D35300A918C6 /* View */,
				6B9636602C15D1F800A918C6 /* Extension */,
				6B9636532C15CB5C00A918C6 /* Helper */,
				6B72CA392C15BC2900F1C0A9 /* Localization */,
				6B72CA2D2C10965300F1C0A9 /* Model */,
				6BD3D7022C0CC60A00E33B03 /* Preview Content */,
				6B72CA0B2C10265400F1C0A9 /* Resource */,
			);
			path = GameGuessr;
			sourceTree = "<group>";
		};
		6BD3D7022C0CC60A00E33B03 /* Preview Content */ = {
			isa = PBXGroup;
			children = (
				6BD3D7032C0CC60A00E33B03 /* Preview Assets.xcassets */,
			);
			path = "Preview Content";
			sourceTree = "<group>";
		};
/* End PBXGroup section */

/* Begin PBXNativeTarget section */
		6BD3D6F62C0CC60800E33B03 /* GameGuessr */ = {
			isa = PBXNativeTarget;
			buildConfigurationList = 6BD3D7072C0CC60A00E33B03 /* Build configuration list for PBXNativeTarget "GameGuessr" */;
			buildPhases = (
				6BD3D6F32C0CC60800E33B03 /* Sources */,
				6BD3D6F42C0CC60800E33B03 /* Frameworks */,
				6BD3D6F52C0CC60800E33B03 /* Resources */,
			);
			buildRules = (
			);
			dependencies = (
			);
			name = GameGuessr;
			packageProductDependencies = (
				6B72CA312C12DA4900F1C0A9 /* Pow */,
			);
			productName = GameGuessr;
			productReference = 6BD3D6F72C0CC60800E33B03 /* GameGuessr.app */;
			productType = "com.apple.product-type.application";
		};
/* End PBXNativeTarget section */

/* Begin PBXProject section */
		6BD3D6EF2C0CC60800E33B03 /* Project object */ = {
			isa = PBXProject;
			attributes = {
				BuildIndependentTargetsInParallel = 1;
				LastSwiftUpdateCheck = 1540;
				LastUpgradeCheck = 1540;
				TargetAttributes = {
					6BD3D6F62C0CC60800E33B03 = {
						CreatedOnToolsVersion = 15.4;
					};
				};
			};
			buildConfigurationList = 6BD3D6F22C0CC60800E33B03 /* Build configuration list for PBXProject "GameGuessr" */;
			compatibilityVersion = "Xcode 14.0";
			developmentRegion = en;
			hasScannedForEncodings = 0;
			knownRegions = (
				en,
				Base,
				tr,
			);
			mainGroup = 6BD3D6EE2C0CC60800E33B03;
			packageReferences = (
				6B72CA302C12DA4900F1C0A9 /* XCRemoteSwiftPackageReference "Pow" */,
			);
			productRefGroup = 6BD3D6F82C0CC60800E33B03 /* Products */;
			projectDirPath = "";
			projectRoot = "";
			targets = (
				6BD3D6F62C0CC60800E33B03 /* GameGuessr */,
			);
		};
/* End PBXProject section */

/* Begin PBXResourcesBuildPhase section */
		6BD3D6F52C0CC60800E33B03 /* Resources */ = {
			isa = PBXResourcesBuildPhase;
			buildActionMask = 2147483647;
			files = (
				6B72CA2C2C10953F00F1C0A9 /* gameList.json in Resources */,
				6BD3D7042C0CC60A00E33B03 /* Preview Assets.xcassets in Resources */,
				6B96365C2C15D1AC00A918C6 /* Localizable.strings in Resources */,
				6BD3D7012C0CC60A00E33B03 /* Assets.xcassets in Resources */,
			);
			runOnlyForDeploymentPostprocessing = 0;
		};
/* End PBXResourcesBuildPhase section */

/* Begin PBXSourcesBuildPhase section */
		6BD3D6F32C0CC60800E33B03 /* Sources */ = {
			isa = PBXSourcesBuildPhase;
			buildActionMask = 2147483647;
			files = (
				6B9636572C15CB9300A918C6 /* CacheConstants.swift in Sources */,
				6B96365F2C15D1DE00A918C6 /* LocalizationContants.swift in Sources */,
				6BD3D70F2C0E2A6E00E33B03 /* AsyncImage.swift in Sources */,
				6B72CA2F2C10966000F1C0A9 /* Game.swift in Sources */,
				6BD3D70B2C0CC95600E33B03 /* DraggableRectangleView.swift in Sources */,
				6B9636652C15D36B00A918C6 /* OnboardingPage.swift in Sources */,
				6B72CA382C14F6E000F1C0A9 /* OnboardingView.swift in Sources */,
				6BD3D6FB2C0CC60800E33B03 /* GameGuessrApp.swift in Sources */,
				6BD3D70D2C0E18AB00E33B03 /* ChooseView.swift in Sources */,
				6B9636622C15D20200A918C6 /* String+Extension.swift in Sources */,
				6B9636672C15D48000A918C6 /* ProgressBar.swift in Sources */,
				6B9636552C15CB6800A918C6 /* CacheManager.swift in Sources */,
			);
			runOnlyForDeploymentPostprocessing = 0;
		};
/* End PBXSourcesBuildPhase section */

/* Begin PBXVariantGroup section */
		6B96365B2C15D1AC00A918C6 /* Localizable.strings */ = {
			isa = PBXVariantGroup;
			children = (
				6B96365A2C15D1AC00A918C6 /* en */,
				6B96365D2C15D1AD00A918C6 /* tr */,
			);
			name = Localizable.strings;
			sourceTree = "<group>";
		};
/* End PBXVariantGroup section */

/* Begin XCBuildConfiguration section */
		6BD3D7052C0CC60A00E33B03 /* Debug */ = {
			isa = XCBuildConfiguration;
			buildSettings = {
				ALWAYS_SEARCH_USER_PATHS = NO;
				ASSETCATALOG_COMPILER_GENERATE_SWIFT_ASSET_SYMBOL_EXTENSIONS = YES;
				CLANG_ANALYZER_NONNULL = YES;
				CLANG_ANALYZER_NUMBER_OBJECT_CONVERSION = YES_AGGRESSIVE;
				CLANG_CXX_LANGUAGE_STANDARD = "gnu++20";
				CLANG_ENABLE_MODULES = YES;
				CLANG_ENABLE_OBJC_ARC = YES;
				CLANG_ENABLE_OBJC_WEAK = YES;
				CLANG_WARN_BLOCK_CAPTURE_AUTORELEASING = YES;
				CLANG_WARN_BOOL_CONVERSION = YES;
				CLANG_WARN_COMMA = YES;
				CLANG_WARN_CONSTANT_CONVERSION = YES;
				CLANG_WARN_DEPRECATED_OBJC_IMPLEMENTATIONS = YES;
				CLANG_WARN_DIRECT_OBJC_ISA_USAGE = YES_ERROR;
				CLANG_WARN_DOCUMENTATION_COMMENTS = YES;
				CLANG_WARN_EMPTY_BODY = YES;
				CLANG_WARN_ENUM_CONVERSION = YES;
				CLANG_WARN_INFINITE_RECURSION = YES;
				CLANG_WARN_INT_CONVERSION = YES;
				CLANG_WARN_NON_LITERAL_NULL_CONVERSION = YES;
				CLANG_WARN_OBJC_IMPLICIT_RETAIN_SELF = YES;
				CLANG_WARN_OBJC_LITERAL_CONVERSION = YES;
				CLANG_WARN_OBJC_ROOT_CLASS = YES_ERROR;
				CLANG_WARN_QUOTED_INCLUDE_IN_FRAMEWORK_HEADER = YES;
				CLANG_WARN_RANGE_LOOP_ANALYSIS = YES;
				CLANG_WARN_STRICT_PROTOTYPES = YES;
				CLANG_WARN_SUSPICIOUS_MOVE = YES;
				CLANG_WARN_UNGUARDED_AVAILABILITY = YES_AGGRESSIVE;
				CLANG_WARN_UNREACHABLE_CODE = YES;
				CLANG_WARN__DUPLICATE_METHOD_MATCH = YES;
				COPY_PHASE_STRIP = NO;
				DEBUG_INFORMATION_FORMAT = dwarf;
				ENABLE_STRICT_OBJC_MSGSEND = YES;
				ENABLE_TESTABILITY = YES;
				ENABLE_USER_SCRIPT_SANDBOXING = YES;
				GCC_C_LANGUAGE_STANDARD = gnu17;
				GCC_DYNAMIC_NO_PIC = NO;
				GCC_NO_COMMON_BLOCKS = YES;
				GCC_OPTIMIZATION_LEVEL = 0;
				GCC_PREPROCESSOR_DEFINITIONS = (
					"DEBUG=1",
					"$(inherited)",
				);
				GCC_WARN_64_TO_32_BIT_CONVERSION = YES;
				GCC_WARN_ABOUT_RETURN_TYPE = YES_ERROR;
				GCC_WARN_UNDECLARED_SELECTOR = YES;
				GCC_WARN_UNINITIALIZED_AUTOS = YES_AGGRESSIVE;
				GCC_WARN_UNUSED_FUNCTION = YES;
				GCC_WARN_UNUSED_VARIABLE = YES;
				IPHONEOS_DEPLOYMENT_TARGET = 17.0;
				LOCALIZATION_PREFERS_STRING_CATALOGS = YES;
				MTL_ENABLE_DEBUG_INFO = INCLUDE_SOURCE;
				MTL_FAST_MATH = YES;
				ONLY_ACTIVE_ARCH = YES;
				SDKROOT = iphoneos;
				SWIFT_ACTIVE_COMPILATION_CONDITIONS = "DEBUG $(inherited)";
				SWIFT_OPTIMIZATION_LEVEL = "-Onone";
			};
			name = Debug;
		};
		6BD3D7062C0CC60A00E33B03 /* Release */ = {
			isa = XCBuildConfiguration;
			buildSettings = {
				ALWAYS_SEARCH_USER_PATHS = NO;
				ASSETCATALOG_COMPILER_GENERATE_SWIFT_ASSET_SYMBOL_EXTENSIONS = YES;
				CLANG_ANALYZER_NONNULL = YES;
				CLANG_ANALYZER_NUMBER_OBJECT_CONVERSION = YES_AGGRESSIVE;
				CLANG_CXX_LANGUAGE_STANDARD = "gnu++20";
				CLANG_ENABLE_MODULES = YES;
				CLANG_ENABLE_OBJC_ARC = YES;
				CLANG_ENABLE_OBJC_WEAK = YES;
				CLANG_WARN_BLOCK_CAPTURE_AUTORELEASING = YES;
				CLANG_WARN_BOOL_CONVERSION = YES;
				CLANG_WARN_COMMA = YES;
				CLANG_WARN_CONSTANT_CONVERSION = YES;
				CLANG_WARN_DEPRECATED_OBJC_IMPLEMENTATIONS = YES;
				CLANG_WARN_DIRECT_OBJC_ISA_USAGE = YES_ERROR;
				CLANG_WARN_DOCUMENTATION_COMMENTS = YES;
				CLANG_WARN_EMPTY_BODY = YES;
				CLANG_WARN_ENUM_CONVERSION = YES;
				CLANG_WARN_INFINITE_RECURSION = YES;
				CLANG_WARN_INT_CONVERSION = YES;
				CLANG_WARN_NON_LITERAL_NULL_CONVERSION = YES;
				CLANG_WARN_OBJC_IMPLICIT_RETAIN_SELF = YES;
				CLANG_WARN_OBJC_LITERAL_CONVERSION = YES;
				CLANG_WARN_OBJC_ROOT_CLASS = YES_ERROR;
				CLANG_WARN_QUOTED_INCLUDE_IN_FRAMEWORK_HEADER = YES;
				CLANG_WARN_RANGE_LOOP_ANALYSIS = YES;
				CLANG_WARN_STRICT_PROTOTYPES = YES;
				CLANG_WARN_SUSPICIOUS_MOVE = YES;
				CLANG_WARN_UNGUARDED_AVAILABILITY = YES_AGGRESSIVE;
				CLANG_WARN_UNREACHABLE_CODE = YES;
				CLANG_WARN__DUPLICATE_METHOD_MATCH = YES;
				COPY_PHASE_STRIP = NO;
				DEBUG_INFORMATION_FORMAT = "dwarf-with-dsym";
				ENABLE_NS_ASSERTIONS = NO;
				ENABLE_STRICT_OBJC_MSGSEND = YES;
				ENABLE_USER_SCRIPT_SANDBOXING = YES;
				GCC_C_LANGUAGE_STANDARD = gnu17;
				GCC_NO_COMMON_BLOCKS = YES;
				GCC_WARN_64_TO_32_BIT_CONVERSION = YES;
				GCC_WARN_ABOUT_RETURN_TYPE = YES_ERROR;
				GCC_WARN_UNDECLARED_SELECTOR = YES;
				GCC_WARN_UNINITIALIZED_AUTOS = YES_AGGRESSIVE;
				GCC_WARN_UNUSED_FUNCTION = YES;
				GCC_WARN_UNUSED_VARIABLE = YES;
				IPHONEOS_DEPLOYMENT_TARGET = 17.0;
				LOCALIZATION_PREFERS_STRING_CATALOGS = YES;
				MTL_ENABLE_DEBUG_INFO = NO;
				MTL_FAST_MATH = YES;
				SDKROOT = iphoneos;
				SWIFT_COMPILATION_MODE = wholemodule;
				VALIDATE_PRODUCT = YES;
			};
			name = Release;
		};
		6BD3D7082C0CC60A00E33B03 /* Debug */ = {
			isa = XCBuildConfiguration;
			buildSettings = {
				ASSETCATALOG_COMPILER_APPICON_NAME = AppIcon;
				ASSETCATALOG_COMPILER_GLOBAL_ACCENT_COLOR_NAME = AccentColor;
				CODE_SIGN_STYLE = Automatic;
				CURRENT_PROJECT_VERSION = 1;
				DEVELOPMENT_ASSET_PATHS = "\"GameGuessr/Preview Content\"";
				DEVELOPMENT_TEAM = 64RW322232;
				ENABLE_PREVIEWS = YES;
				GENERATE_INFOPLIST_FILE = YES;
				INFOPLIST_KEY_CFBundleDisplayName = "Game Guessr";
				INFOPLIST_KEY_LSApplicationCategoryType = "public.app-category.games";
				INFOPLIST_KEY_UIApplicationSceneManifest_Generation = YES;
				INFOPLIST_KEY_UILaunchScreen_Generation = YES;
				INFOPLIST_KEY_UISupportedInterfaceOrientations = UIInterfaceOrientationPortrait;
				IPHONEOS_DEPLOYMENT_TARGET = 17.0;
				LD_RUNPATH_SEARCH_PATHS = (
					"$(inherited)",
					"@executable_path/Frameworks",
				);
				MARKETING_VERSION = 1.0;
				PRODUCT_BUNDLE_IDENTIFIER = com.bkoc.GameGuessr;
				PRODUCT_NAME = "$(TARGET_NAME)";
				SUPPORTED_PLATFORMS = "iphoneos iphonesimulator";
				SUPPORTS_MACCATALYST = NO;
				SUPPORTS_MAC_DESIGNED_FOR_IPHONE_IPAD = NO;
				SWIFT_EMIT_LOC_STRINGS = YES;
				SWIFT_VERSION = 5.0;
				TARGETED_DEVICE_FAMILY = 1;
			};
			name = Debug;
		};
		6BD3D7092C0CC60A00E33B03 /* Release */ = {
			isa = XCBuildConfiguration;
			buildSettings = {
				ASSETCATALOG_COMPILER_APPICON_NAME = AppIcon;
				ASSETCATALOG_COMPILER_GLOBAL_ACCENT_COLOR_NAME = AccentColor;
				CODE_SIGN_STYLE = Automatic;
				CURRENT_PROJECT_VERSION = 1;
				DEVELOPMENT_ASSET_PATHS = "\"GameGuessr/Preview Content\"";
				DEVELOPMENT_TEAM = 64RW322232;
				ENABLE_PREVIEWS = YES;
				GENERATE_INFOPLIST_FILE = YES;
				INFOPLIST_KEY_CFBundleDisplayName = "Game Guessr";
				INFOPLIST_KEY_LSApplicationCategoryType = "public.app-category.games";
				INFOPLIST_KEY_UIApplicationSceneManifest_Generation = YES;
				INFOPLIST_KEY_UILaunchScreen_Generation = YES;
				INFOPLIST_KEY_UISupportedInterfaceOrientations = UIInterfaceOrientationPortrait;
				IPHONEOS_DEPLOYMENT_TARGET = 17.0;
				LD_RUNPATH_SEARCH_PATHS = (
					"$(inherited)",
					"@executable_path/Frameworks",
				);
				MARKETING_VERSION = 1.0;
				PRODUCT_BUNDLE_IDENTIFIER = com.bkoc.GameGuessr;
				PRODUCT_NAME = "$(TARGET_NAME)";
				SUPPORTED_PLATFORMS = "iphoneos iphonesimulator";
				SUPPORTS_MACCATALYST = NO;
				SUPPORTS_MAC_DESIGNED_FOR_IPHONE_IPAD = NO;
				SWIFT_EMIT_LOC_STRINGS = YES;
				SWIFT_VERSION = 5.0;
				TARGETED_DEVICE_FAMILY = 1;
			};
			name = Release;
		};
/* End XCBuildConfiguration section */

/* Begin XCConfigurationList section */
		6BD3D6F22C0CC60800E33B03 /* Build configuration list for PBXProject "GameGuessr" */ = {
			isa = XCConfigurationList;
			buildConfigurations = (
				6BD3D7052C0CC60A00E33B03 /* Debug */,
				6BD3D7062C0CC60A00E33B03 /* Release */,
			);
			defaultConfigurationIsVisible = 0;
			defaultConfigurationName = Release;
		};
		6BD3D7072C0CC60A00E33B03 /* Build configuration list for PBXNativeTarget "GameGuessr" */ = {
			isa = XCConfigurationList;
			buildConfigurations = (
				6BD3D7082C0CC60A00E33B03 /* Debug */,
				6BD3D7092C0CC60A00E33B03 /* Release */,
			);
			defaultConfigurationIsVisible = 0;
			defaultConfigurationName = Release;
		};
/* End XCConfigurationList section */

/* Begin XCRemoteSwiftPackageReference section */
		6B72CA302C12DA4900F1C0A9 /* XCRemoteSwiftPackageReference "Pow" */ = {
			isa = XCRemoteSwiftPackageReference;
			repositoryURL = "https://github.com/EmergeTools/Pow.git";
			requirement = {
				kind = upToNextMajorVersion;
				minimumVersion = 1.0.4;
			};
		};
/* End XCRemoteSwiftPackageReference section */

/* Begin XCSwiftPackageProductDependency section */
		6B72CA312C12DA4900F1C0A9 /* Pow */ = {
			isa = XCSwiftPackageProductDependency;
			package = 6B72CA302C12DA4900F1C0A9 /* XCRemoteSwiftPackageReference "Pow" */;
			productName = Pow;
		};
/* End XCSwiftPackageProductDependency section */
	};
	rootObject = 6BD3D6EF2C0CC60800E33B03 /* Project object */;
}
